schema: '2.0'
stages:
  data_ingestion:
    cmd: python src/cnnClassifier/pipeline/stage_01_data_ingestion.py
    deps:
    - path: config/config.yaml
      hash: md5
      md5: 916976bc3090cd7d4d22bce07972eb87
      size: 582
    - path: src/cnnClassifier/pipeline/stage_01_data_ingestion.py
      hash: md5
      md5: 4e97665cfef2b83397d40221a29e6844
      size: 906
    outs:
    - path: artifacts/data_ingestion/kidney-ct-scan-images
      hash: md5
      md5: e09da6eb94ad9b3e5ddf83b69053606e.dir
      size: 1107917033
      nfiles: 13238
  prepare_base_model:
    cmd: python src/cnnClassifier/pipeline/stage_02_prepare_base_model.py
    deps:
    - path: config/config.yaml
      hash: md5
      md5: 916976bc3090cd7d4d22bce07972eb87
      size: 582
    - path: src/cnnClassifier/pipeline/stage_02_prepare_base_model.py
      hash: md5
      md5: e8e39a301f4b90d1b4f2c86acc66ef32
      size: 999
    params:
      params.yaml:
        CLASSES: 2
        IMAGE_SIZE:
        - 224
        - 224
        - 3
        INCLUDE_TOP: false
        LEARNING_RATE: 0.001
        WEIGHTS: imagenet
    outs:
    - path: artifacts/prepare_base_model
      hash: md5
      md5: 2e4b2fd28d7df6429344532627f19d85.dir
      size: 118053368
      nfiles: 2
